// !$*UTF8*$!
{
	archiveVersion = 1;
	classes = {
	};
	objectVersion = 77;
	objects = {

/* Begin PBXBuildFile section */
		D1310FF92D52BDCD00B40A63 /* Contents.json in Resources */ = {isa = PBXBuildFile; fileRef = D1310FF62D52BDCD00B40A63 /* Contents.json */; };
		D131101E2D6CFDF700B40A63 /* FeedBack Now.usdz in Resources */ = {isa = PBXBuildFile; fileRef = D131101D2D6CFDF700B40A63 /* FeedBack Now.usdz */; };
/* End PBXBuildFile section */

/* Begin PBXContainerItemProxy section */
		D16D30E22D11FD0A00007F58 /* PBXContainerItemProxy */ = {
			isa = PBXContainerItemProxy;
			containerPortal = D16D30C92D11FD0900007F58 /* Project object */;
			proxyType = 1;
			remoteGlobalIDString = D16D30D02D11FD0900007F58;
			remoteInfo = "AR Kit Practice";
		};
		D16D30EC2D11FD0A00007F58 /* PBXContainerItemProxy */ = {
			isa = PBXContainerItemProxy;
			containerPortal = D16D30C92D11FD0900007F58 /* Project object */;
			proxyType = 1;
			remoteGlobalIDString = D16D30D02D11FD0900007F58;
			remoteInfo = "AR Kit Practice";
		};
/* End PBXContainerItemProxy section */

/* Begin PBXFileReference section */
		D1310FF62D52BDCD00B40A63 /* Contents.json */ = {isa = PBXFileReference; lastKnownFileType = text.json; path = Contents.json; sourceTree = "<group>"; };
		D131101D2D6CFDF700B40A63 /* FeedBack Now.usdz */ = {isa = PBXFileReference; lastKnownFileType = file; path = "FeedBack Now.usdz"; sourceTree = "<group>"; };
		D16D30D12D11FD0900007F58 /* AR Kit Practice.app */ = {isa = PBXFileReference; explicitFileType = wrapper.application; includeInIndex = 0; path = "AR Kit Practice.app"; sourceTree = BUILT_PRODUCTS_DIR; };
		D16D30E12D11FD0A00007F58 /* AR Kit PracticeTests.xctest */ = {isa = PBXFileReference; explicitFileType = wrapper.cfbundle; includeInIndex = 0; path = "AR Kit PracticeTests.xctest"; sourceTree = BUILT_PRODUCTS_DIR; };
		D16D30EB2D11FD0A00007F58 /* AR Kit PracticeUITests.xctest */ = {isa = PBXFileReference; explicitFileType = wrapper.cfbundle; includeInIndex = 0; path = "AR Kit PracticeUITests.xctest"; sourceTree = BUILT_PRODUCTS_DIR; };
/* End PBXFileReference section */

/* Begin PBXFileSystemSynchronizedRootGroup section */
		D131100A2D5A9C3200B40A63 /* CloudKit Container */ = {
			isa = PBXFileSystemSynchronizedRootGroup;
			path = "CloudKit Container";
			sourceTree = "<group>";
		};
		D16D30D32D11FD0900007F58 /* AR Kit Practice */ = {
			isa = PBXFileSystemSynchronizedRootGroup;
			path = "AR Kit Practice";
			sourceTree = "<group>";
		};
		D16D30E42D11FD0A00007F58 /* AR Kit PracticeTests */ = {
			isa = PBXFileSystemSynchronizedRootGroup;
			path = "AR Kit PracticeTests";
			sourceTree = "<group>";
		};
		D16D30EE2D11FD0A00007F58 /* AR Kit PracticeUITests */ = {
			isa = PBXFileSystemSynchronizedRootGroup;
			path = "AR Kit PracticeUITests";
			sourceTree = "<group>";
		};
/* End PBXFileSystemSynchronizedRootGroup section */

/* Begin PBXFrameworksBuildPhase section */
		D16D30CE2D11FD0900007F58 /* Frameworks */ = {
			isa = PBXFrameworksBuildPhase;
			buildActionMask = 2147483647;
			files = (
			);
			runOnlyForDeploymentPostprocessing = 0;
		};
		D16D30DE2D11FD0A00007F58 /* Frameworks */ = {
			isa = PBXFrameworksBuildPhase;
			buildActionMask = 2147483647;
			files = (
			);
			runOnlyForDeploymentPostprocessing = 0;
		};
		D16D30E82D11FD0A00007F58 /* Frameworks */ = {
			isa = PBXFrameworksBuildPhase;
			buildActionMask = 2147483647;
			files = (
			);
			runOnlyForDeploymentPostprocessing = 0;
		};
/* End PBXFrameworksBuildPhase section */

/* Begin PBXGroup section */
		D1310FF82D52BDCD00B40A63 /* Sir Quavious.dataset 16-09-26-991.dataset */ = {
			isa = PBXGroup;
			children = (
				D1310FF62D52BDCD00B40A63 /* Contents.json */,
				D131101D2D6CFDF700B40A63 /* FeedBack Now.usdz */,
			);
			path = "Sir Quavious.dataset 16-09-26-991.dataset";
			sourceTree = "<group>";
		};
		D16D30C82D11FD0900007F58 = {
			isa = PBXGroup;
			children = (
				D131100A2D5A9C3200B40A63 /* CloudKit Container */,
				D16D30D32D11FD0900007F58 /* AR Kit Practice */,
				D16D30E42D11FD0A00007F58 /* AR Kit PracticeTests */,
				D16D30EE2D11FD0A00007F58 /* AR Kit PracticeUITests */,
				D16D30D22D11FD0900007F58 /* Products */,
				D1310FF82D52BDCD00B40A63 /* Sir Quavious.dataset 16-09-26-991.dataset */,
			);
			sourceTree = "<group>";
		};
		D16D30D22D11FD0900007F58 /* Products */ = {
			isa = PBXGroup;
			children = (
				D16D30D12D11FD0900007F58 /* AR Kit Practice.app */,
				D16D30E12D11FD0A00007F58 /* AR Kit PracticeTests.xctest */,
				D16D30EB2D11FD0A00007F58 /* AR Kit PracticeUITests.xctest */,
			);
			name = Products;
			sourceTree = "<group>";
		};
/* End PBXGroup section */

/* Begin PBXNativeTarget section */
		D16D30D02D11FD0900007F58 /* AR Kit Practice */ = {
			isa = PBXNativeTarget;
			buildConfigurationList = D16D30F52D11FD0A00007F58 /* Build configuration list for PBXNativeTarget "AR Kit Practice" */;
			buildPhases = (
				D16D30CD2D11FD0900007F58 /* Sources */,
				D16D30CE2D11FD0900007F58 /* Frameworks */,
				D16D30CF2D11FD0900007F58 /* Resources */,
			);
			buildRules = (
			);
			dependencies = (
			);
			fileSystemSynchronizedGroups = (
				D131100A2D5A9C3200B40A63 /* CloudKit Container */,
				D16D30D32D11FD0900007F58 /* AR Kit Practice */,
			);
			name = "AR Kit Practice";
			packageProductDependencies = (
			);
			productName = "AR Kit Practice";
			productReference = D16D30D12D11FD0900007F58 /* AR Kit Practice.app */;
			productType = "com.apple.product-type.application";
		};
		D16D30E02D11FD0A00007F58 /* AR Kit PracticeTests */ = {
			isa = PBXNativeTarget;
			buildConfigurationList = D16D30F82D11FD0A00007F58 /* Build configuration list for PBXNativeTarget "AR Kit PracticeTests" */;
			buildPhases = (
				D16D30DD2D11FD0A00007F58 /* Sources */,
				D16D30DE2D11FD0A00007F58 /* Frameworks */,
				D16D30DF2D11FD0A00007F58 /* Resources */,
			);
			buildRules = (
			);
			dependencies = (
				D16D30E32D11FD0A00007F58 /* PBXTargetDependency */,
			);
			fileSystemSynchronizedGroups = (
				D16D30E42D11FD0A00007F58 /* AR Kit PracticeTests */,
			);
			name = "AR Kit PracticeTests";
			packageProductDependencies = (
			);
			productName = "AR Kit PracticeTests";
			productReference = D16D30E12D11FD0A00007F58 /* AR Kit PracticeTests.xctest */;
			productType = "com.apple.product-type.bundle.unit-test";
		};
		D16D30EA2D11FD0A00007F58 /* AR Kit PracticeUITests */ = {
			isa = PBXNativeTarget;
			buildConfigurationList = D16D30FB2D11FD0A00007F58 /* Build configuration list for PBXNativeTarget "AR Kit PracticeUITests" */;
			buildPhases = (
				D16D30E72D11FD0A00007F58 /* Sources */,
				D16D30E82D11FD0A00007F58 /* Frameworks */,
				D16D30E92D11FD0A00007F58 /* Resources */,
			);
			buildRules = (
			);
			dependencies = (
				D16D30ED2D11FD0A00007F58 /* PBXTargetDependency */,
			);
			fileSystemSynchronizedGroups = (
				D16D30EE2D11FD0A00007F58 /* AR Kit PracticeUITests */,
			);
			name = "AR Kit PracticeUITests";
			packageProductDependencies = (
			);
			productName = "AR Kit PracticeUITests";
			productReference = D16D30EB2D11FD0A00007F58 /* AR Kit PracticeUITests.xctest */;
			productType = "com.apple.product-type.bundle.ui-testing";
		};
/* End PBXNativeTarget section */

/* Begin PBXProject section */
		D16D30C92D11FD0900007F58 /* Project object */ = {
			isa = PBXProject;
			attributes = {
				BuildIndependentTargetsInParallel = 1;
				LastSwiftUpdateCheck = 1610;
				LastUpgradeCheck = 1610;
				TargetAttributes = {
					D16D30D02D11FD0900007F58 = {
						CreatedOnToolsVersion = 16.1;
					};
					D16D30E02D11FD0A00007F58 = {
						CreatedOnToolsVersion = 16.1;
						TestTargetID = D16D30D02D11FD0900007F58;
					};
					D16D30EA2D11FD0A00007F58 = {
						CreatedOnToolsVersion = 16.1;
						TestTargetID = D16D30D02D11FD0900007F58;
					};
				};
			};
			buildConfigurationList = D16D30CC2D11FD0900007F58 /* Build configuration list for PBXProject "AR Kit Practice" */;
			developmentRegion = en;
			hasScannedForEncodings = 0;
			knownRegions = (
				en,
				Base,
			);
			mainGroup = D16D30C82D11FD0900007F58;
			minimizedProjectReferenceProxies = 1;
			preferredProjectObjectVersion = 77;
			productRefGroup = D16D30D22D11FD0900007F58 /* Products */;
			projectDirPath = "";
			projectRoot = "";
			targets = (
				D16D30D02D11FD0900007F58 /* AR Kit Practice */,
				D16D30E02D11FD0A00007F58 /* AR Kit PracticeTests */,
				D16D30EA2D11FD0A00007F58 /* AR Kit PracticeUITests */,
			);
		};
/* End PBXProject section */

/* Begin PBXResourcesBuildPhase section */
		D16D30CF2D11FD0900007F58 /* Resources */ = {
			isa = PBXResourcesBuildPhase;
			buildActionMask = 2147483647;
			files = (
				D1310FF92D52BDCD00B40A63 /* Contents.json in Resources */,
				D131101E2D6CFDF700B40A63 /* FeedBack Now.usdz in Resources */,
			);
			runOnlyForDeploymentPostprocessing = 0;
		};
		D16D30DF2D11FD0A00007F58 /* Resources */ = {
			isa = PBXResourcesBuildPhase;
			buildActionMask = 2147483647;
			files = (
			);
			runOnlyForDeploymentPostprocessing = 0;
		};
		D16D30E92D11FD0A00007F58 /* Resources */ = {
			isa = PBXResourcesBuildPhase;
			buildActionMask = 2147483647;
			files = (
			);
			runOnlyForDeploymentPostprocessing = 0;
		};
/* End PBXResourcesBuildPhase section */

/* Begin PBXSourcesBuildPhase section */
		D16D30CD2D11FD0900007F58 /* Sources */ = {
			isa = PBXSourcesBuildPhase;
			buildActionMask = 2147483647;
			files = (
			);
			runOnlyForDeploymentPostprocessing = 0;
		};
		D16D30DD2D11FD0A00007F58 /* Sources */ = {
			isa = PBXSourcesBuildPhase;
			buildActionMask = 2147483647;
			files = (
			);
			runOnlyForDeploymentPostprocessing = 0;
		};
		D16D30E72D11FD0A00007F58 /* Sources */ = {
			isa = PBXSourcesBuildPhase;
			buildActionMask = 2147483647;
			files = (
			);
			runOnlyForDeploymentPostprocessing = 0;
		};
/* End PBXSourcesBuildPhase section */

/* Begin PBXTargetDependency section */
		D16D30E32D11FD0A00007F58 /* PBXTargetDependency */ = {
			isa = PBXTargetDependency;
			target = D16D30D02D11FD0900007F58 /* AR Kit Practice */;
			targetProxy = D16D30E22D11FD0A00007F58 /* PBXContainerItemProxy */;
		};
		D16D30ED2D11FD0A00007F58 /* PBXTargetDependency */ = {
			isa = PBXTargetDependency;
			target = D16D30D02D11FD0900007F58 /* AR Kit Practice */;
			targetProxy = D16D30EC2D11FD0A00007F58 /* PBXContainerItemProxy */;
		};
/* End PBXTargetDependency section */

/* Begin XCBuildConfiguration section */
		D16D30F32D11FD0A00007F58 /* Debug */ = {
			isa = XCBuildConfiguration;
			buildSettings = {
				ALWAYS_SEARCH_USER_PATHS = NO;
				ASSETCATALOG_COMPILER_GENERATE_SWIFT_ASSET_SYMBOL_EXTENSIONS = YES;
				CLANG_ANALYZER_NONNULL = YES;
				CLANG_ANALYZER_NUMBER_OBJECT_CONVERSION = YES_AGGRESSIVE;
				CLANG_CXX_LANGUAGE_STANDARD = "gnu++20";
				CLANG_ENABLE_MODULES = YES;
				CLANG_ENABLE_OBJC_ARC = YES;
				CLANG_ENABLE_OBJC_WEAK = YES;
				CLANG_WARN_BLOCK_CAPTURE_AUTORELEASING = YES;
				CLANG_WARN_BOOL_CONVERSION = YES;
				CLANG_WARN_COMMA = YES;
				CLANG_WARN_CONSTANT_CONVERSION = YES;
				CLANG_WARN_DEPRECATED_OBJC_IMPLEMENTATIONS = YES;
				CLANG_WARN_DIRECT_OBJC_ISA_USAGE = YES_ERROR;
				CLANG_WARN_DOCUMENTATION_COMMENTS = YES;
				CLANG_WARN_EMPTY_BODY = YES;
				CLANG_WARN_ENUM_CONVERSION = YES;
				CLANG_WARN_INFINITE_RECURSION = YES;
				CLANG_WARN_INT_CONVERSION = YES;
				CLANG_WARN_NON_LITERAL_NULL_CONVERSION = YES;
				CLANG_WARN_OBJC_IMPLICIT_RETAIN_SELF = YES;
				CLANG_WARN_OBJC_LITERAL_CONVERSION = YES;
				CLANG_WARN_OBJC_ROOT_CLASS = YES_ERROR;
				CLANG_WARN_QUOTED_INCLUDE_IN_FRAMEWORK_HEADER = YES;
				CLANG_WARN_RANGE_LOOP_ANALYSIS = YES;
				CLANG_WARN_STRICT_PROTOTYPES = YES;
				CLANG_WARN_SUSPICIOUS_MOVE = YES;
				CLANG_WARN_UNGUARDED_AVAILABILITY = YES_AGGRESSIVE;
				CLANG_WARN_UNREACHABLE_CODE = YES;
				CLANG_WARN__DUPLICATE_METHOD_MATCH = YES;
				COPY_PHASE_STRIP = NO;
				DEBUG_INFORMATION_FORMAT = dwarf;
				ENABLE_STRICT_OBJC_MSGSEND = YES;
				ENABLE_TESTABILITY = YES;
				ENABLE_USER_SCRIPT_SANDBOXING = YES;
				GCC_C_LANGUAGE_STANDARD = gnu17;
				GCC_DYNAMIC_NO_PIC = NO;
				GCC_NO_COMMON_BLOCKS = YES;
				GCC_OPTIMIZATION_LEVEL = 0;
				GCC_PREPROCESSOR_DEFINITIONS = (
					"DEBUG=1",
					"$(inherited)",
				);
				GCC_WARN_64_TO_32_BIT_CONVERSION = YES;
				GCC_WARN_ABOUT_RETURN_TYPE = YES_ERROR;
				GCC_WARN_UNDECLARED_SELECTOR = YES;
				GCC_WARN_UNINITIALIZED_AUTOS = YES_AGGRESSIVE;
				GCC_WARN_UNUSED_FUNCTION = YES;
				GCC_WARN_UNUSED_VARIABLE = YES;
				IPHONEOS_DEPLOYMENT_TARGET = 18.1;
				LOCALIZATION_PREFERS_STRING_CATALOGS = YES;
				MTL_ENABLE_DEBUG_INFO = INCLUDE_SOURCE;
				MTL_FAST_MATH = YES;
				ONLY_ACTIVE_ARCH = YES;
				SDKROOT = iphoneos;
				SWIFT_ACTIVE_COMPILATION_CONDITIONS = "DEBUG $(inherited)";
				SWIFT_OPTIMIZATION_LEVEL = "-Onone";
			};
			name = Debug;
		};
		D16D30F42D11FD0A00007F58 /* Release */ = {
			isa = XCBuildConfiguration;
			buildSettings = {
				ALWAYS_SEARCH_USER_PATHS = NO;
				ASSETCATALOG_COMPILER_GENERATE_SWIFT_ASSET_SYMBOL_EXTENSIONS = YES;
				CLANG_ANALYZER_NONNULL = YES;
				CLANG_ANALYZER_NUMBER_OBJECT_CONVERSION = YES_AGGRESSIVE;
				CLANG_CXX_LANGUAGE_STANDARD = "gnu++20";
				CLANG_ENABLE_MODULES = YES;
				CLANG_ENABLE_OBJC_ARC = YES;
				CLANG_ENABLE_OBJC_WEAK = YES;
				CLANG_WARN_BLOCK_CAPTURE_AUTORELEASING = YES;
				CLANG_WARN_BOOL_CONVERSION = YES;
				CLANG_WARN_COMMA = YES;
				CLANG_WARN_CONSTANT_CONVERSION = YES;
				CLANG_WARN_DEPRECATED_OBJC_IMPLEMENTATIONS = YES;
				CLANG_WARN_DIRECT_OBJC_ISA_USAGE = YES_ERROR;
				CLANG_WARN_DOCUMENTATION_COMMENTS = YES;
				CLANG_WARN_EMPTY_BODY = YES;
				CLANG_WARN_ENUM_CONVERSION = YES;
				CLANG_WARN_INFINITE_RECURSION = YES;
				CLANG_WARN_INT_CONVERSION = YES;
				CLANG_WARN_NON_LITERAL_NULL_CONVERSION = YES;
				CLANG_WARN_OBJC_IMPLICIT_RETAIN_SELF = YES;
				CLANG_WARN_OBJC_LITERAL_CONVERSION = YES;
				CLANG_WARN_OBJC_ROOT_CLASS = YES_ERROR;
				CLANG_WARN_QUOTED_INCLUDE_IN_FRAMEWORK_HEADER = YES;
				CLANG_WARN_RANGE_LOOP_ANALYSIS = YES;
				CLANG_WARN_STRICT_PROTOTYPES = YES;
				CLANG_WARN_SUSPICIOUS_MOVE = YES;
				CLANG_WARN_UNGUARDED_AVAILABILITY = YES_AGGRESSIVE;
				CLANG_WARN_UNREACHABLE_CODE = YES;
				CLANG_WARN__DUPLICATE_METHOD_MATCH = YES;
				COPY_PHASE_STRIP = NO;
				DEBUG_INFORMATION_FORMAT = "dwarf-with-dsym";
				ENABLE_NS_ASSERTIONS = NO;
				ENABLE_STRICT_OBJC_MSGSEND = YES;
				ENABLE_USER_SCRIPT_SANDBOXING = YES;
				GCC_C_LANGUAGE_STANDARD = gnu17;
				GCC_NO_COMMON_BLOCKS = YES;
				GCC_WARN_64_TO_32_BIT_CONVERSION = YES;
				GCC_WARN_ABOUT_RETURN_TYPE = YES_ERROR;
				GCC_WARN_UNDECLARED_SELECTOR = YES;
				GCC_WARN_UNINITIALIZED_AUTOS = YES_AGGRESSIVE;
				GCC_WARN_UNUSED_FUNCTION = YES;
				GCC_WARN_UNUSED_VARIABLE = YES;
				IPHONEOS_DEPLOYMENT_TARGET = 18.1;
				LOCALIZATION_PREFERS_STRING_CATALOGS = YES;
				MTL_ENABLE_DEBUG_INFO = NO;
				MTL_FAST_MATH = YES;
				SDKROOT = iphoneos;
				SWIFT_COMPILATION_MODE = wholemodule;
				VALIDATE_PRODUCT = YES;
			};
			name = Release;
		};
		D16D30F62D11FD0A00007F58 /* Debug */ = {
			isa = XCBuildConfiguration;
			buildSettings = {
				ASSETCATALOG_COMPILER_APPICON_NAME = AppIcon;
				ASSETCATALOG_COMPILER_GLOBAL_ACCENT_COLOR_NAME = AccentColor;
				CODE_SIGN_ENTITLEMENTS = "AR Kit Practice/AR Kit Practice.entitlements";
				CODE_SIGN_IDENTITY = "Apple Development";
				CODE_SIGN_STYLE = Automatic;
				CURRENT_PROJECT_VERSION = 1;
				DEVELOPMENT_ASSET_PATHS = "\"AR Kit Practice/Preview Content\"";
				DEVELOPMENT_TEAM = U5826G2GQB;
				ENABLE_PREVIEWS = YES;
				GENERATE_INFOPLIST_FILE = YES;
				INFOPLIST_KEY_NSCameraUsageDescription = "";
				INFOPLIST_KEY_UIApplicationSupportsIndirectInputEvents = YES;
				INFOPLIST_KEY_UILaunchScreen_Generation = YES;
				INFOPLIST_KEY_UIRequiredDeviceCapabilities = arkit;
				INFOPLIST_KEY_UIStatusBarHidden = YES;
				INFOPLIST_KEY_UISupportedInterfaceOrientations_iPad = "UIInterfaceOrientationPortrait UIInterfaceOrientationPortraitUpsideDown UIInterfaceOrientationLandscapeLeft UIInterfaceOrientationLandscapeRight";
				INFOPLIST_KEY_UISupportedInterfaceOrientations_iPhone = "UIInterfaceOrientationPortrait UIInterfaceOrientationLandscapeLeft UIInterfaceOrientationLandscapeRight";
				LD_RUNPATH_SEARCH_PATHS = (
					"$(inherited)",
					"@executable_path/Frameworks",
				);
				MARKETING_VERSION = 1.0;
				PRODUCT_BUNDLE_IDENTIFIER = "Test.AR-Kit-Practice";
				PRODUCT_NAME = "$(TARGET_NAME)";
				PROVISIONING_PROFILE_SPECIFIER = "";
				SWIFT_EMIT_LOC_STRINGS = YES;
				SWIFT_VERSION = 5.0;
				TARGETED_DEVICE_FAMILY = "1,2";
			};
			name = Debug;
		};
		D16D30F72D11FD0A00007F58 /* Release */ = {
			isa = XCBuildConfiguration;
			buildSettings = {
				ASSETCATALOG_COMPILER_APPICON_NAME = AppIcon;
				ASSETCATALOG_COMPILER_GLOBAL_ACCENT_COLOR_NAME = AccentColor;
				CODE_SIGN_ENTITLEMENTS = "AR Kit Practice/AR Kit Practice.entitlements";
				CODE_SIGN_IDENTITY = "Apple Development";
				CODE_SIGN_STYLE = Automatic;
				CURRENT_PROJECT_VERSION = 1;
				DEVELOPMENT_ASSET_PATHS = "\"AR Kit Practice/Preview Content\"";
				DEVELOPMENT_TEAM = U5826G2GQB;
				ENABLE_PREVIEWS = YES;
				GENERATE_INFOPLIST_FILE = YES;
				INFOPLIST_KEY_NSCameraUsageDescription = "";
				INFOPLIST_KEY_UIApplicationSupportsIndirectInputEvents = YES;
				INFOPLIST_KEY_UILaunchScreen_Generation = YES;
				INFOPLIST_KEY_UIRequiredDeviceCapabilities = arkit;
				INFOPLIST_KEY_UIStatusBarHidden = YES;
				INFOPLIST_KEY_UISupportedInterfaceOrientations_iPad = "UIInterfaceOrientationPortrait UIInterfaceOrientationPortraitUpsideDown UIInterfaceOrientationLandscapeLeft UIInterfaceOrientationLandscapeRight";
				INFOPLIST_KEY_UISupportedInterfaceOrientations_iPhone = "UIInterfaceOrientationPortrait UIInterfaceOrientationLandscapeLeft UIInterfaceOrientationLandscapeRight";
				LD_RUNPATH_SEARCH_PATHS = (
					"$(inherited)",
					"@executable_path/Frameworks",
				);
				MARKETING_VERSION = 1.0;
				PRODUCT_BUNDLE_IDENTIFIER = "Test.AR-Kit-Practice";
				PRODUCT_NAME = "$(TARGET_NAME)";
				PROVISIONING_PROFILE_SPECIFIER = "";
				SWIFT_EMIT_LOC_STRINGS = YES;
				SWIFT_VERSION = 5.0;
				TARGETED_DEVICE_FAMILY = "1,2";
			};
			name = Release;
		};
		D16D30F92D11FD0A00007F58 /* Debug */ = {
			isa = XCBuildConfiguration;
			buildSettings = {
				BUNDLE_LOADER = "$(TEST_HOST)";
				CODE_SIGN_STYLE = Automatic;
				CURRENT_PROJECT_VERSION = 1;
				DEVELOPMENT_TEAM = U5826G2GQB;
				GENERATE_INFOPLIST_FILE = YES;
				IPHONEOS_DEPLOYMENT_TARGET = 18.1;
				MARKETING_VERSION = 1.0;
				PRODUCT_BUNDLE_IDENTIFIER = "Test.AR-Kit-PracticeTests";
				PRODUCT_NAME = "$(TARGET_NAME)";
				SWIFT_EMIT_LOC_STRINGS = NO;
				SWIFT_VERSION = 5.0;
				TARGETED_DEVICE_FAMILY = "1,2";
				TEST_HOST = "$(BUILT_PRODUCTS_DIR)/AR Kit Practice.app/$(BUNDLE_EXECUTABLE_FOLDER_PATH)/AR Kit Practice";
			};
			name = Debug;
		};
		D16D30FA2D11FD0A00007F58 /* Release */ = {
			isa = XCBuildConfiguration;
			buildSettings = {
				BUNDLE_LOADER = "$(TEST_HOST)";
				CODE_SIGN_STYLE = Automatic;
				CURRENT_PROJECT_VERSION = 1;
				DEVELOPMENT_TEAM = U5826G2GQB;
				GENERATE_INFOPLIST_FILE = YES;
				IPHONEOS_DEPLOYMENT_TARGET = 18.1;
				MARKETING_VERSION = 1.0;
				PRODUCT_BUNDLE_IDENTIFIER = "Test.AR-Kit-PracticeTests";
				PRODUCT_NAME = "$(TARGET_NAME)";
				SWIFT_EMIT_LOC_STRINGS = NO;
				SWIFT_VERSION = 5.0;
				TARGETED_DEVICE_FAMILY = "1,2";
				TEST_HOST = "$(BUILT_PRODUCTS_DIR)/AR Kit Practice.app/$(BUNDLE_EXECUTABLE_FOLDER_PATH)/AR Kit Practice";
			};
			name = Release;
		};
		D16D30FC2D11FD0A00007F58 /* Debug */ = {
			isa = XCBuildConfiguration;
			buildSettings = {
				CODE_SIGN_STYLE = Automatic;
				CURRENT_PROJECT_VERSION = 1;
				DEVELOPMENT_TEAM = U5826G2GQB;
				GENERATE_INFOPLIST_FILE = YES;
				MARKETING_VERSION = 1.0;
				PRODUCT_BUNDLE_IDENTIFIER = "Test.AR-Kit-PracticeUITests";
				PRODUCT_NAME = "$(TARGET_NAME)";
				SWIFT_EMIT_LOC_STRINGS = NO;
				SWIFT_VERSION = 5.0;
				TARGETED_DEVICE_FAMILY = "1,2";
				TEST_TARGET_NAME = "AR Kit Practice";
			};
			name = Debug;
		};
		D16D30FD2D11FD0A00007F58 /* Release */ = {
			isa = XCBuildConfiguration;
			buildSettings = {
				CODE_SIGN_STYLE = Automatic;
				CURRENT_PROJECT_VERSION = 1;
				DEVELOPMENT_TEAM = U5826G2GQB;
				GENERATE_INFOPLIST_FILE = YES;
				MARKETING_VERSION = 1.0;
				PRODUCT_BUNDLE_IDENTIFIER = "Test.AR-Kit-PracticeUITests";
				PRODUCT_NAME = "$(TARGET_NAME)";
				SWIFT_EMIT_LOC_STRINGS = NO;
				SWIFT_VERSION = 5.0;
				TARGETED_DEVICE_FAMILY = "1,2";
				TEST_TARGET_NAME = "AR Kit Practice";
			};
			name = Release;
		};
/* End XCBuildConfiguration section */

/* Begin XCConfigurationList section */
		D16D30CC2D11FD0900007F58 /* Build configuration list for PBXProject "AR Kit Practice" */ = {
			isa = XCConfigurationList;
			buildConfigurations = (
				D16D30F32D11FD0A00007F58 /* Debug */,
				D16D30F42D11FD0A00007F58 /* Release */,
			);
			defaultConfigurationIsVisible = 0;
			defaultConfigurationName = Release;
		};
		D16D30F52D11FD0A00007F58 /* Build configuration list for PBXNativeTarget "AR Kit Practice" */ = {
			isa = XCConfigurationList;
			buildConfigurations = (
				D16D30F62D11FD0A00007F58 /* Debug */,
				D16D30F72D11FD0A00007F58 /* Release */,
			);
			defaultConfigurationIsVisible = 0;
			defaultConfigurationName = Release;
		};
		D16D30F82D11FD0A00007F58 /* Build configuration list for PBXNativeTarget "AR Kit PracticeTests" */ = {
			isa = XCConfigurationList;
			buildConfigurations = (
				D16D30F92D11FD0A00007F58 /* Debug */,
				D16D30FA2D11FD0A00007F58 /* Release */,
			);
			defaultConfigurationIsVisible = 0;
			defaultConfigurationName = Release;
		};
		D16D30FB2D11FD0A00007F58 /* Build configuration list for PBXNativeTarget "AR Kit PracticeUITests" */ = {
			isa = XCConfigurationList;
			buildConfigurations = (
				D16D30FC2D11FD0A00007F58 /* Debug */,
				D16D30FD2D11FD0A00007F58 /* Release */,
			);
			defaultConfigurationIsVisible = 0;
			defaultConfigurationName = Release;
		};
/* End XCConfigurationList section */
	};
	rootObject = D16D30C92D11FD0900007F58 /* Project object */;
}
